
Microsoft Visual Studio Solution File, Format Version 11.00
# Visual Studio 2010
Project("{FAE04EC0-301F-11D3-BF4B-00C04F79EFBC}") = "CAR Race - VR", "Assembly-CSharp-firstpass.csproj", "{EA807BF7-8CF3-0CFA-5CCD-A0DB89C589B1}"
EndProject
Project("{FAE04EC0-301F-11D3-BF4B-00C04F79EFBC}") = "CAR Race - VR", "Assembly-CSharp.csproj", "{AAFEC7EE-251E-9502-C5F5-921A84AE82F9}"
EndProject
Project("{FAE04EC0-301F-11D3-BF4B-00C04F79EFBC}") = "CAR Race - VR", "Assembly-CSharp-Editor-firstpass.csproj", "{A92E1746-1541-E590-193D-FB3CEE32BD0A}"
EndProject
Project("{FAE04EC0-301F-11D3-BF4B-00C04F79EFBC}") = "CAR Race - VR", "Assembly-CSharp-Editor.csproj", "{BDE65604-BB5E-7859-850E-DBFFEE4B4089}"
EndProject
Global
	GlobalSection(SolutionConfigurationPlatforms) = preSolution
		Debug|Any CPU = Debug|Any CPU
		Release|Any CPU = Release|Any CPU
	EndGlobalSection
	GlobalSection(ProjectConfigurationPlatforms) = postSolution
		{EA807BF7-8CF3-0CFA-5CCD-A0DB89C589B1}.Debug|Any CPU.ActiveCfg = Debug|Any CPU
		{EA807BF7-8CF3-0CFA-5CCD-A0DB89C589B1}.Debug|Any CPU.Build.0 = Debug|Any CPU
		{EA807BF7-8CF3-0CFA-5CCD-A0DB89C589B1}.Release|Any CPU.ActiveCfg = Release|Any CPU
		{EA807BF7-8CF3-0CFA-5CCD-A0DB89C589B1}.Release|Any CPU.Build.0 = Release|Any CPU
		{AAFEC7EE-251E-9502-C5F5-921A84AE82F9}.Debug|Any CPU.ActiveCfg = Debug|Any CPU
		{AAFEC7EE-251E-9502-C5F5-921A84AE82F9}.Debug|Any CPU.Build.0 = Debug|Any CPU
		{AAFEC7EE-251E-9502-C5F5-921A84AE82F9}.Release|Any CPU.ActiveCfg = Release|Any CPU
		{AAFEC7EE-251E-9502-C5F5-921A84AE82F9}.Release|Any CPU.Build.0 = Release|Any CPU
		{A92E1746-1541-E590-193D-FB3CEE32BD0A}.Debug|Any CPU.ActiveCfg = Debug|Any CPU
		{A92E1746-1541-E590-193D-FB3CEE32BD0A}.Debug|Any CPU.Build.0 = Debug|Any CPU
		{A92E1746-1541-E590-193D-FB3CEE32BD0A}.Release|Any CPU.ActiveCfg = Release|Any CPU
		{A92E1746-1541-E590-193D-FB3CEE32BD0A}.Release|Any CPU.Build.0 = Release|Any CPU
		{BDE65604-BB5E-7859-850E-DBFFEE4B4089}.Debug|Any CPU.ActiveCfg = Debug|Any CPU
		{BDE65604-BB5E-7859-850E-DBFFEE4B4089}.Debug|Any CPU.Build.0 = Debug|Any CPU
		{BDE65604-BB5E-7859-850E-DBFFEE4B4089}.Release|Any CPU.ActiveCfg = Release|Any CPU
		{BDE65604-BB5E-7859-850E-DBFFEE4B4089}.Release|Any CPU.Build.0 = Release|Any CPU
	EndGlobalSection
	GlobalSection(SolutionProperties) = preSolution
		HideSolutionNode = FALSE
	EndGlobalSection
	GlobalSection(MonoDevelopProperties) = preSolution
		StartupItem = Assembly-CSharp.csproj
	EndGlobalSection
EndGlobal
